<?xml version="1.0" encoding="utf-8"?>
<Project ToolsVersion="4.0" xmlns="http://schemas.microsoft.com/developer/msbuild/2003">
  <ItemGroup>
    <Filter Include="Source Files">
      <UniqueIdentifier>{4FC737F1-C7A5-4376-A066-2A32D752A2FF}</UniqueIdentifier>
      <Extensions>cpp;c;cc;cxx;def;odl;idl;hpj;bat;asm;asmx</Extensions>
    </Filter>
    <Filter Include="Header Files">
      <UniqueIdentifier>{93995380-89BD-4b04-88EB-625FBE52EBFB}</UniqueIdentifier>
      <Extensions>h;hh;hpp;hxx;hm;inl;inc;xsd</Extensions>
    </Filter>
    <Filter Include="Resource Files">
      <UniqueIdentifier>{67DA6AB6-F800-4c08-8B7A-83BB121AAD01}</UniqueIdentifier>
      <Extensions>rc;ico;cur;bmp;dlg;rc2;rct;bin;rgs;gif;jpg;jpeg;jpe;resx;tiff;tif;png;wav;mfcribbon-ms</Extensions>
    </Filter>
    <Filter Include="Core">
      <UniqueIdentifier>{c7c7c9f0-4f0c-4b82-9e3f-c1fdbb7b5977}</UniqueIdentifier>
    </Filter>
    <Filter Include="Hack">
      <UniqueIdentifier>{a1d98d02-18ac-42b8-9c3a-7c5f712c2ce3}</UniqueIdentifier>
    </Filter>
    <Filter Include="Menu">
      <UniqueIdentifier>{d04d070b-ddca-4a96-aa73-fd4a3fed8a31}</UniqueIdentifier>
    </Filter>
    <Filter Include="Utilities">
      <UniqueIdentifier>{778bd9d1-0b5b-48f3-befb-fae997980402}</UniqueIdentifier>
    </Filter>
  </ItemGroup>
  <ItemGroup>
    <ClInclude Include="stdafx.h">
      <Filter>Header Files</Filter>
    </ClInclude>
    <ClInclude Include="targetver.h">
      <Filter>Header Files</Filter>
    </ClInclude>
    <ClInclude Include="CrossMapping.h">
      <Filter>Core</Filter>
    </ClInclude>
    <ClInclude Include="Hooking.h">
      <Filter>Core</Filter>
    </ClInclude>
    <ClInclude Include="NativeInvoker.h">
      <Filter>Core</Filter>
    </ClInclude>
    <ClInclude Include="Hack.h">
      <Filter>Hack</Filter>
    </ClInclude>
    <ClInclude Include="enums.h">
      <Filter>Header Files</Filter>
    </ClInclude>
    <ClInclude Include="nativeCaller.h">
      <Filter>Header Files</Filter>
    </ClInclude>
    <ClInclude Include="natives.h">
      <Filter>Header Files</Filter>
    </ClInclude>
    <ClInclude Include="reclass.h">
      <Filter>Header Files</Filter>
    </ClInclude>
    <ClInclude Include="types.h">
      <Filter>Header Files</Filter>
    </ClInclude>
    <ClInclude Include="vehicleStructs.h">
      <Filter>Header Files</Filter>
    </ClInclude>
    <ClInclude Include="menuBase.h">
      <Filter>Menu</Filter>
    </ClInclude>
    <ClInclude Include="menuVariables.h">
      <Filter>Menu</Filter>
    </ClInclude>
    <ClInclude Include="menuFeatures.h">
      <Filter>Menu</Filter>
    </ClInclude>
    <ClInclude Include="resource.h">
      <Filter>Header Files</Filter>
    </ClInclude>
    <ClInclude Include="Log.h">
      <Filter>Utilities</Filter>
    </ClInclude>
    <ClInclude Include="Pattern.h">
      <Filter>Utilities</Filter>
    </ClInclude>
    <ClInclude Include="shader.h">
      <Filter>Utilities</Filter>
    </ClInclude>
    <ClInclude Include="Ini.h">
      <Filter>Utilities</Filter>
    </ClInclude>
    <ClInclude Include="webFunctions.h">
      <Filter>Utilities</Filter>
    </ClInclude>
    <ClInclude Include="sha256.h">
      <Filter>Utilities</Filter>
    </ClInclude>
    <ClInclude Include="WinHttpClient.h">
      <Filter>Utilities</Filter>
    </ClInclude>
  </ItemGroup>
  <ItemGroup>
    <ClCompile Include="stdafx.cpp">
      <Filter>Source Files</Filter>
    </ClCompile>
    <ClCompile Include="luxx2.0.cpp">
      <Filter>Source Files</Filter>
    </ClCompile>
    <ClCompile Include="dllmain.cpp">
      <Filter>Source Files</Filter>
    </ClCompile>
    <ClCompile Include="CrossMapping.cpp">
      <Filter>Core</Filter>
    </ClCompile>
    <ClCompile Include="Hooking.cpp">
      <Filter>Core</Filter>
    </ClCompile>
    <ClCompile Include="NativeInvoker.cpp">
      <Filter>Core</Filter>
    </ClCompile>
    <ClCompile Include="Hack.cpp">
      <Filter>Hack</Filter>
    </ClCompile>
    <ClCompile Include="menuBase.cpp">
      <Filter>Menu</Filter>
    </ClCompile>
    <ClCompile Include="menuFeatures.cpp">
      <Filter>Menu</Filter>
    </ClCompile>
    <ClCompile Include="Pattern.cpp">
      <Filter>Utilities</Filter>
    </ClCompile>
    <ClCompile Include="Log.cpp">
      <Filter>Utilities</Filter>
    </ClCompile>
    <ClCompile Include="Ini.cpp">
      <Filter>Utilities</Filter>
    </ClCompile>
    <ClCompile Include="webFunctions.cpp">
      <Filter>Utilities</Filter>
    </ClCompile>
    <ClCompile Include="sha256.cpp">
      <Filter>Utilities</Filter>
    </ClCompile>
  </ItemGroup>
  <ItemGroup>
    <ResourceCompile Include="luxx2.0.rc">
      <Filter>Resource Files</Filter>
    </ResourceCompile>
  </ItemGroup>
  <ItemGroup>
    <Library Include="Poly\capstone.lib">
      <Filter>Resource Files</Filter>
    </Library>
    <Library Include="D:\Source\AdLibs\FW1FontWrapper\FW1FontWrapper.lib">
      <Filter>Resource Files</Filter>
    </Library>
  </ItemGroup>
</Project>